Microsoft Visual Studio Solution File, Format Version 12.00
# Visual Studio Version 17
VisualStudioVersion = 17.5.2.0
MinimumVisualStudioVersion = 10.0.40219.1
Project("{2150E333-8FDC-42A3-9474-1A3956D46DE8}") = "01_Text-based_Data_Formats", "01_Text-based_Data_Formats", "{3E26E897-42B8-F912-D3CB-8182FED3CDE0}"
EndProject
Project("{2150E333-8FDC-42A3-9474-1A3956D46DE8}") = "01a_Data_Parsing", "01a_Data_Parsing", "{3F48B2A9-E71B-002D-6C4B-BC6C8682D5E7}"
EndProject
Project("{2150E333-8FDC-42A3-9474-1A3956D46DE8}") = "csharp", "csharp", "{3F514EEC-F766-8119-495E-FD0C634759D9}"
EndProject
Project("{FAE04EC0-301F-11D3-BF4B-00C04F79EFBC}") = "ServerCSharp", "01_Text-based_Data_Formats\01a_Data_Parsing\csharp\DataParsing\ServerCSharp\ServerCSharp.csproj", "{8A73F484-510B-4BBD-04D1-D2E37E1F5B17}"
EndProject
Global
    GlobalSection(SolutionConfigurationPlatforms) = preSolution
        Debug|Any CPU = Debug|Any CPU
        Release|Any CPU = Release|Any CPU
    EndGlobalSection
    GlobalSection(ProjectConfigurationPlatforms) = postSolution
        {7A73F484-510B-4BBD-04D1-D2E37E1F5B16}.Debug|Any CPU.ActiveCfg = Debug|Any CPU
        {7A73F484-510B-4BBD-04D1-D2E37E1F5B16}.Debug|Any CPU.Build.0 = Debug|Any CPU
        {7A73F484-510B-4BBD-04D1-D2E37E1F5B16}.Release|Any CPU.ActiveCfg = Release|Any CPU
        {7A73F484-510B-4BBD-04D1-D2E37E1F5B16}.Release|Any CPU.Build.0 = Release|Any CPU
        {8A73F484-510B-4BBD-04D1-D2E37E1F5B17}.Debug|Any CPU.ActiveCfg = Debug|Any CPU
        {8A73F484-510B-4BBD-04D1-D2E37E1F5B17}.Debug|Any CPU.Build.0 = Debug|Any CPU
        {8A73F484-510B-4BBD-04D1-D2E37E1F5B17}.Release|Any CPU.ActiveCfg = Release|Any CPU
        {8A73F484-510B-4BBD-04D1-D2E37E1F5B17}.Release|Any CPU.Build.0 = Release|Any CPU
    EndGlobalSection
    GlobalSection(SolutionProperties) = preSolution
        HideSolutionNode = FALSE
    EndGlobalSection
    GlobalSection(NestedProjects) = preSolution
        {3F48B2A9-E71B-002D-6C4B-BC6C8682D5E7} = {3E26E897-42B8-F912-D3CB-8182FED3CDE0}
        {3F514EEC-F766-8119-495E-FD0C634759D9} = {3F48B2A9-E71B-002D-6C4B-BC6C8682D5E7}
        {7A73F484-510B-4BBD-04D1-D2E37E1F5B16} = {3F514EEC-F766-8119-495E-FD0C634759D9}
        {8A73F484-510B-4BBD-04D1-D2E37E1F5B17} = {3F514EEC-F766-8119-495E-FD0C634759D9}
    EndGlobalSection
    GlobalSection(ExtensibilityGlobals) = postSolution
        SolutionGuid = {C1F3224A-7456-4222-81AB-0404E9CC7017}
    EndGlobalSection
EndGlobal